{
  "version": "5",
  "specifiers": {
    "jsr:@db/sqlite@0.11": "0.11.1",
    "jsr:@denosaurs/plug@1": "1.1.0",
    "jsr:@dldc/sqlite@*": "3.1.1",
    "jsr:@std/assert@0.217": "0.217.0",
    "jsr:@std/encoding@1": "1.0.10",
    "jsr:@std/fmt@1": "1.0.8",
    "jsr:@std/fs@1": "1.0.19",
    "jsr:@std/internal@^1.0.10": "1.0.10",
    "jsr:@std/internal@^1.0.9": "1.0.10",
    "jsr:@std/path@0.217": "0.217.0",
    "jsr:@std/path@1": "1.1.2",
    "jsr:@std/path@^1.1.1": "1.1.2"
  },
  "jsr": {
    "@db/sqlite@0.11.1": {
      "integrity": "546434e7ed762db07e6ade0f963540dd5e06723b802937bf260ff855b21ef9c5",
      "dependencies": [
        "jsr:@denosaurs/plug",
        "jsr:@std/path@0.217"
      ]
    },
    "@denosaurs/plug@1.1.0": {
      "integrity": "eb2f0b7546c7bca2000d8b0282c54d50d91cf6d75cb26a80df25a6de8c4bc044",
      "dependencies": [
        "jsr:@std/encoding",
        "jsr:@std/fmt",
        "jsr:@std/fs",
        "jsr:@std/path@1"
      ]
    },
    "@dldc/sqlite@3.1.1": {
      "integrity": "443616a941ed36e39a2a3451b545a4bb5fddb5620fba936d3a8ea01c655e72ca"
    },
    "@std/assert@0.217.0": {
      "integrity": "c98e279362ca6982d5285c3b89517b757c1e3477ee9f14eb2fdf80a45aaa9642"
    },
    "@std/encoding@1.0.10": {
      "integrity": "8783c6384a2d13abd5e9e87a7ae0520a30e9f56aeeaa3bdf910a3eaaf5c811a1"
    },
    "@std/fmt@1.0.8": {
      "integrity": "71e1fc498787e4434d213647a6e43e794af4fd393ef8f52062246e06f7e372b7"
    },
    "@std/fs@1.0.19": {
      "integrity": "051968c2b1eae4d2ea9f79a08a3845740ef6af10356aff43d3e2ef11ed09fb06",
      "dependencies": [
        "jsr:@std/internal@^1.0.9",
        "jsr:@std/path@^1.1.1"
      ]
    },
    "@std/internal@1.0.10": {
      "integrity": "e3be62ce42cab0e177c27698e5d9800122f67b766a0bea6ca4867886cbde8cf7"
    },
    "@std/path@0.217.0": {
      "integrity": "1217cc25534bca9a2f672d7fe7c6f356e4027df400c0e85c0ef3e4343bc67d11",
      "dependencies": [
        "jsr:@std/assert"
      ]
    },
    "@std/path@1.1.2": {
      "integrity": "c0b13b97dfe06546d5e16bf3966b1cadf92e1cc83e56ba5476ad8b498d9e3038",
      "dependencies": [
        "jsr:@std/internal@^1.0.10"
      ]
    }
  },
  "remote": {
    "https://deno.land/x/sqlite3@0.12.0/deno.json": "b03d6de05f953886662ea987212539af8456a91352684c84af2188520449d42a",
    "https://deno.land/x/sqlite3@0.12.0/deps.ts": "d2f23a4489d27ed7ba1f601b86a85ff488a87603e4be7a15f3ea15154fc288ec",
    "https://deno.land/x/sqlite3@0.12.0/mod.ts": "3169f246c0eddd6ed82862758f4109f167b7ba5538236240fbb26a129f1bc16c",
    "https://deno.land/x/sqlite3@0.12.0/src/blob.ts": "330886fae9714e4a612786f44d8117d65f91e778cf3f40de59b34879fc7ca9ab",
    "https://deno.land/x/sqlite3@0.12.0/src/constants.ts": "85fd27aa6e199093f25f5f437052e16fd0e0870b96ca9b24a98e04ddc8b7d006",
    "https://deno.land/x/sqlite3@0.12.0/src/database.ts": "4d380d7f0e5a2cf74635a9fcd2b4e27373533f2816cde5357067e51fd22ad8d0",
    "https://deno.land/x/sqlite3@0.12.0/src/ffi.ts": "795b598eeae4d12f182e7bcdab524b74b0f01d6deae7f4d8ce63f25c06a46154",
    "https://deno.land/x/sqlite3@0.12.0/src/statement.ts": "e8ccde898aef47c7a2514953aca5359a44a285bc3dc0de5819d66f891f477be1",
    "https://deno.land/x/sqlite3@0.12.0/src/util.ts": "c6604183d2ec5fb17fa0a018572ed5f2317b319dbd7bf48d88a5d06ff25b2cc3"
  },
  "workspace": {
    "dependencies": [
      "jsr:@db/sqlite@0.11"
    ]
  }
}
